
Microsoft Visual Studio Solution File, Format Version 12.00
# Visual Studio 15
VisualStudioVersion = 15.0.28307.1231
MinimumVisualStudioVersion = 10.0.40219.1
Project("{9A19103F-16F7-4668-BE54-9A1E7A4F7556}") = "WebCore", "WebCore\WebCore.csproj", "{2104E228-E7F5-447E-B0E0-E4DCFBB858BD}"
EndProject
Project("{9A19103F-16F7-4668-BE54-9A1E7A4F7556}") = "ClientWeb", "ClientWeb\ClientWeb.csproj", "{58703E2B-0EDF-42A1-A131-D5815CF984A7}"
EndProject
Project("{FAE04EC0-301F-11D3-BF4B-00C04F79EFBC}") = "WebClient", "WebClient\WebClient.csproj", "{174886D8-5345-43C8-9014-BA60245F1339}"
EndProject
Global
	GlobalSection(SolutionConfigurationPlatforms) = preSolution
		Debug|Any CPU = Debug|Any CPU
		Release|Any CPU = Release|Any CPU
	EndGlobalSection
	GlobalSection(ProjectConfigurationPlatforms) = postSolution
		{2104E228-E7F5-447E-B0E0-E4DCFBB858BD}.Debug|Any CPU.ActiveCfg = Debug|Any CPU
		{2104E228-E7F5-447E-B0E0-E4DCFBB858BD}.Debug|Any CPU.Build.0 = Debug|Any CPU
		{2104E228-E7F5-447E-B0E0-E4DCFBB858BD}.Release|Any CPU.ActiveCfg = Release|Any CPU
		{2104E228-E7F5-447E-B0E0-E4DCFBB858BD}.Release|Any CPU.Build.0 = Release|Any CPU
		{58703E2B-0EDF-42A1-A131-D5815CF984A7}.Debug|Any CPU.ActiveCfg = Debug|Any CPU
		{58703E2B-0EDF-42A1-A131-D5815CF984A7}.Debug|Any CPU.Build.0 = Debug|Any CPU
		{58703E2B-0EDF-42A1-A131-D5815CF984A7}.Release|Any CPU.ActiveCfg = Release|Any CPU
		{58703E2B-0EDF-42A1-A131-D5815CF984A7}.Release|Any CPU.Build.0 = Release|Any CPU
		{174886D8-5345-43C8-9014-BA60245F1339}.Debug|Any CPU.ActiveCfg = Debug|Any CPU
		{174886D8-5345-43C8-9014-BA60245F1339}.Debug|Any CPU.Build.0 = Debug|Any CPU
		{174886D8-5345-43C8-9014-BA60245F1339}.Release|Any CPU.ActiveCfg = Release|Any CPU
		{174886D8-5345-43C8-9014-BA60245F1339}.Release|Any CPU.Build.0 = Release|Any CPU
	EndGlobalSection
	GlobalSection(SolutionProperties) = preSolution
		HideSolutionNode = FALSE
	EndGlobalSection
	GlobalSection(ExtensibilityGlobals) = postSolution
		SolutionGuid = {CD423652-A90E-4E0D-BD1F-57AC2C9DFEE3}
	EndGlobalSection
EndGlobal
